// !$*UTF8*$!
{
	archiveVersion = 1;
	classes = {
	};
	objectVersion = 46;
	objects = {

/* Begin PBXBuildFile section */
		FA2F4CA81520800200EE031C /* marker_map.png in Resources */ = {isa = PBXBuildFile; fileRef = FA2F4CA71520800200EE031C /* marker_map.png */; };
		FA43ACE4152B5C73000A2EF7 /* AVFoundation.framework in Frameworks */ = {isa = PBXBuildFile; fileRef = FA43ACE3152B5C73000A2EF7 /* AVFoundation.framework */; };
		FA8D87A1152073EB00E23338 /* UIKit.framework in Frameworks */ = {isa = PBXBuildFile; fileRef = FA8D87A0152073EB00E23338 /* UIKit.framework */; };
		FA8D87A3152073EB00E23338 /* Foundation.framework in Frameworks */ = {isa = PBXBuildFile; fileRef = FA8D87A2152073EB00E23338 /* Foundation.framework */; };
		FA8D87A5152073EB00E23338 /* CoreGraphics.framework in Frameworks */ = {isa = PBXBuildFile; fileRef = FA8D87A4152073EB00E23338 /* CoreGraphics.framework */; };
		FA8D87AB152073EB00E23338 /* InfoPlist.strings in Resources */ = {isa = PBXBuildFile; fileRef = FA8D87A9152073EB00E23338 /* InfoPlist.strings */; };
		FA8D87AD152073EB00E23338 /* main.m in Sources */ = {isa = PBXBuildFile; fileRef = FA8D87AC152073EB00E23338 /* main.m */; };
		FA8D87B1152073EB00E23338 /* AppDelegate.m in Sources */ = {isa = PBXBuildFile; fileRef = FA8D87B0152073EB00E23338 /* AppDelegate.m */; };
		FA8D87B4152073EB00E23338 /* ViewController.m in Sources */ = {isa = PBXBuildFile; fileRef = FA8D87B3152073EB00E23338 /* ViewController.m */; };
		FA8D87B7152073EB00E23338 /* ViewController_iPhone.xib in Resources */ = {isa = PBXBuildFile; fileRef = FA8D87B5152073EB00E23338 /* ViewController_iPhone.xib */; };
		FA8D87BA152073EB00E23338 /* ViewController_iPad.xib in Resources */ = {isa = PBXBuildFile; fileRef = FA8D87B8152073EB00E23338 /* ViewController_iPad.xib */; };
		FA8D87C81520762400E23338 /* SystemConfiguration.framework in Frameworks */ = {isa = PBXBuildFile; fileRef = FA8D87C71520762400E23338 /* SystemConfiguration.framework */; };
		FA8D87CA1520762C00E23338 /* libz.dylib in Frameworks */ = {isa = PBXBuildFile; fileRef = FA8D87C91520762C00E23338 /* libz.dylib */; };
		FA8D87CC1520763800E23338 /* MobileCoreServices.framework in Frameworks */ = {isa = PBXBuildFile; fileRef = FA8D87CB1520763700E23338 /* MobileCoreServices.framework */; };
		FA8D87CE1520763D00E23338 /* CFNetwork.framework in Frameworks */ = {isa = PBXBuildFile; fileRef = FA8D87CD1520763D00E23338 /* CFNetwork.framework */; };
		FA8D87D01520765400E23338 /* CoreLocation.framework in Frameworks */ = {isa = PBXBuildFile; fileRef = FA8D87CF1520765400E23338 /* CoreLocation.framework */; };
		FA8D896F1520D71100CD6290 /* MapKit.framework in Frameworks */ = {isa = PBXBuildFile; fileRef = FA8D896E1520D71100CD6290 /* MapKit.framework */; };
		FA8D89711520D9FF00CD6290 /* QuartzCore.framework in Frameworks */ = {isa = PBXBuildFile; fileRef = FA8D89701520D9FF00CD6290 /* QuartzCore.framework */; };
		FA8D89971521053700CD6290 /* ARKit.m in Sources */ = {isa = PBXBuildFile; fileRef = FA8D898C1521053700CD6290 /* ARKit.m */; };
		FA8D89981521053700CD6290 /* AugmentedRealityController.m in Sources */ = {isa = PBXBuildFile; fileRef = FA8D898E1521053700CD6290 /* AugmentedRealityController.m */; };
		FA8D89991521053700CD6290 /* ARCoordinate.m in Sources */ = {isa = PBXBuildFile; fileRef = FA8D89911521053700CD6290 /* ARCoordinate.m */; };
		FA8D899A1521053700CD6290 /* ARGeoCoordinate.m in Sources */ = {isa = PBXBuildFile; fileRef = FA8D89931521053700CD6290 /* ARGeoCoordinate.m */; };
		FA8D899B1521053700CD6290 /* MarkerView.m in Sources */ = {isa = PBXBuildFile; fileRef = FA8D89961521053700CD6290 /* MarkerView.m */; };
		FAF0040E1524A6820028DC60 /* Quickblox.framework in Frameworks */ = {isa = PBXBuildFile; fileRef = FAF0040D1524A6820028DC60 /* Quickblox.framework */; };
		FAFCBACD152C731D0042B1C1 /* CoreMedia.framework in Frameworks */ = {isa = PBXBuildFile; fileRef = FAFCBACC152C731D0042B1C1 /* CoreMedia.framework */; };
		FAFCBAD0152C733F0042B1C1 /* CoreVideo.framework in Frameworks */ = {isa = PBXBuildFile; fileRef = FAFCBACF152C733F0042B1C1 /* CoreVideo.framework */; };
/* End PBXBuildFile section */

/* Begin PBXFileReference section */
		FA2F4CA71520800200EE031C /* marker_map.png */ = {isa = PBXFileReference; lastKnownFileType = image.png; path = marker_map.png; sourceTree = "<group>"; };
		FA43ACE3152B5C73000A2EF7 /* AVFoundation.framework */ = {isa = PBXFileReference; lastKnownFileType = wrapper.framework; name = AVFoundation.framework; path = System/Library/Frameworks/AVFoundation.framework; sourceTree = SDKROOT; };
		FA8D879C152073EB00E23338 /* MashApp-location_users-ar-ios.app */ = {isa = PBXFileReference; explicitFileType = wrapper.application; includeInIndex = 0; path = "MashApp-location_users-ar-ios.app"; sourceTree = BUILT_PRODUCTS_DIR; };
		FA8D87A0152073EB00E23338 /* UIKit.framework */ = {isa = PBXFileReference; lastKnownFileType = wrapper.framework; name = UIKit.framework; path = System/Library/Frameworks/UIKit.framework; sourceTree = SDKROOT; };
		FA8D87A2152073EB00E23338 /* Foundation.framework */ = {isa = PBXFileReference; lastKnownFileType = wrapper.framework; name = Foundation.framework; path = System/Library/Frameworks/Foundation.framework; sourceTree = SDKROOT; };
		FA8D87A4152073EB00E23338 /* CoreGraphics.framework */ = {isa = PBXFileReference; lastKnownFileType = wrapper.framework; name = CoreGraphics.framework; path = System/Library/Frameworks/CoreGraphics.framework; sourceTree = SDKROOT; };
		FA8D87A8152073EB00E23338 /* MashApp-location_users-ar-ios-Info.plist */ = {isa = PBXFileReference; lastKnownFileType = text.plist.xml; path = "MashApp-location_users-ar-ios-Info.plist"; sourceTree = "<group>"; };
		FA8D87AA152073EB00E23338 /* en */ = {isa = PBXFileReference; lastKnownFileType = text.plist.strings; name = en; path = en.lproj/InfoPlist.strings; sourceTree = "<group>"; };
		FA8D87AC152073EB00E23338 /* main.m */ = {isa = PBXFileReference; lastKnownFileType = sourcecode.c.objc; path = main.m; sourceTree = "<group>"; };
		FA8D87AE152073EB00E23338 /* MashApp-location_users-ar-ios-Prefix.pch */ = {isa = PBXFileReference; lastKnownFileType = sourcecode.c.h; path = "MashApp-location_users-ar-ios-Prefix.pch"; sourceTree = "<group>"; };
		FA8D87AF152073EB00E23338 /* AppDelegate.h */ = {isa = PBXFileReference; lastKnownFileType = sourcecode.c.h; path = AppDelegate.h; sourceTree = "<group>"; };
		FA8D87B0152073EB00E23338 /* AppDelegate.m */ = {isa = PBXFileReference; lastKnownFileType = sourcecode.c.objc; path = AppDelegate.m; sourceTree = "<group>"; };
		FA8D87B2152073EB00E23338 /* ViewController.h */ = {isa = PBXFileReference; lastKnownFileType = sourcecode.c.h; path = ViewController.h; sourceTree = "<group>"; };
		FA8D87B3152073EB00E23338 /* ViewController.m */ = {isa = PBXFileReference; lastKnownFileType = sourcecode.c.objc; path = ViewController.m; sourceTree = "<group>"; };
		FA8D87B6152073EB00E23338 /* en */ = {isa = PBXFileReference; lastKnownFileType = file.xib; name = en; path = en.lproj/ViewController_iPhone.xib; sourceTree = "<group>"; };
		FA8D87B9152073EB00E23338 /* en */ = {isa = PBXFileReference; lastKnownFileType = file.xib; name = en; path = en.lproj/ViewController_iPad.xib; sourceTree = "<group>"; };
		FA8D87C61520756700E23338 /* QBConsts.h */ = {isa = PBXFileReference; fileEncoding = 4; lastKnownFileType = sourcecode.c.h; path = QBConsts.h; sourceTree = "<group>"; };
		FA8D87C71520762400E23338 /* SystemConfiguration.framework */ = {isa = PBXFileReference; lastKnownFileType = wrapper.framework; name = SystemConfiguration.framework; path = System/Library/Frameworks/SystemConfiguration.framework; sourceTree = SDKROOT; };
		FA8D87C91520762C00E23338 /* libz.dylib */ = {isa = PBXFileReference; lastKnownFileType = "compiled.mach-o.dylib"; name = libz.dylib; path = usr/lib/libz.dylib; sourceTree = SDKROOT; };
		FA8D87CB1520763700E23338 /* MobileCoreServices.framework */ = {isa = PBXFileReference; lastKnownFileType = wrapper.framework; name = MobileCoreServices.framework; path = System/Library/Frameworks/MobileCoreServices.framework; sourceTree = SDKROOT; };
		FA8D87CD1520763D00E23338 /* CFNetwork.framework */ = {isa = PBXFileReference; lastKnownFileType = wrapper.framework; name = CFNetwork.framework; path = System/Library/Frameworks/CFNetwork.framework; sourceTree = SDKROOT; };
		FA8D87CF1520765400E23338 /* CoreLocation.framework */ = {isa = PBXFileReference; lastKnownFileType = wrapper.framework; name = CoreLocation.framework; path = System/Library/Frameworks/CoreLocation.framework; sourceTree = SDKROOT; };
		FA8D896E1520D71100CD6290 /* MapKit.framework */ = {isa = PBXFileReference; lastKnownFileType = wrapper.framework; name = MapKit.framework; path = System/Library/Frameworks/MapKit.framework; sourceTree = SDKROOT; };
		FA8D89701520D9FF00CD6290 /* QuartzCore.framework */ = {isa = PBXFileReference; lastKnownFileType = wrapper.framework; name = QuartzCore.framework; path = System/Library/Frameworks/QuartzCore.framework; sourceTree = SDKROOT; };
		FA8D898B1521053700CD6290 /* ARKit.h */ = {isa = PBXFileReference; fileEncoding = 4; lastKnownFileType = sourcecode.c.h; path = ARKit.h; sourceTree = "<group>"; };
		FA8D898C1521053700CD6290 /* ARKit.m */ = {isa = PBXFileReference; fileEncoding = 4; lastKnownFileType = sourcecode.c.objc; path = ARKit.m; sourceTree = "<group>"; };
		FA8D898D1521053700CD6290 /* AugmentedRealityController.h */ = {isa = PBXFileReference; fileEncoding = 4; lastKnownFileType = sourcecode.c.h; path = AugmentedRealityController.h; sourceTree = "<group>"; };
		FA8D898E1521053700CD6290 /* AugmentedRealityController.m */ = {isa = PBXFileReference; fileEncoding = 4; lastKnownFileType = sourcecode.c.objc; path = AugmentedRealityController.m; sourceTree = "<group>"; };
		FA8D89901521053700CD6290 /* ARCoordinate.h */ = {isa = PBXFileReference; fileEncoding = 4; lastKnownFileType = sourcecode.c.h; path = ARCoordinate.h; sourceTree = "<group>"; };
		FA8D89911521053700CD6290 /* ARCoordinate.m */ = {isa = PBXFileReference; fileEncoding = 4; lastKnownFileType = sourcecode.c.objc; path = ARCoordinate.m; sourceTree = "<group>"; };
		FA8D89921521053700CD6290 /* ARGeoCoordinate.h */ = {isa = PBXFileReference; fileEncoding = 4; lastKnownFileType = sourcecode.c.h; path = ARGeoCoordinate.h; sourceTree = "<group>"; };
		FA8D89931521053700CD6290 /* ARGeoCoordinate.m */ = {isa = PBXFileReference; fileEncoding = 4; lastKnownFileType = sourcecode.c.objc; path = ARGeoCoordinate.m; sourceTree = "<group>"; };
		FA8D89951521053700CD6290 /* MarkerView.h */ = {isa = PBXFileReference; fileEncoding = 4; lastKnownFileType = sourcecode.c.h; path = MarkerView.h; sourceTree = "<group>"; };
		FA8D89961521053700CD6290 /* MarkerView.m */ = {isa = PBXFileReference; fileEncoding = 4; lastKnownFileType = sourcecode.c.objc; path = MarkerView.m; sourceTree = "<group>"; };
		FAF0040D1524A6820028DC60 /* Quickblox.framework */ = {isa = PBXFileReference; lastKnownFileType = wrapper.framework; path = Quickblox.framework; sourceTree = "<group>"; };
		FAFCBACC152C731D0042B1C1 /* CoreMedia.framework */ = {isa = PBXFileReference; lastKnownFileType = wrapper.framework; name = CoreMedia.framework; path = System/Library/Frameworks/CoreMedia.framework; sourceTree = SDKROOT; };
		FAFCBACF152C733F0042B1C1 /* CoreVideo.framework */ = {isa = PBXFileReference; lastKnownFileType = wrapper.framework; name = CoreVideo.framework; path = System/Library/Frameworks/CoreVideo.framework; sourceTree = SDKROOT; };
/* End PBXFileReference section */

/* Begin PBXFrameworksBuildPhase section */
		FA8D8799152073EB00E23338 /* Frameworks */ = {
			isa = PBXFrameworksBuildPhase;
			buildActionMask = 2147483647;
			files = (
				FAFCBAD0152C733F0042B1C1 /* CoreVideo.framework in Frameworks */,
				FAFCBACD152C731D0042B1C1 /* CoreMedia.framework in Frameworks */,
				FA43ACE4152B5C73000A2EF7 /* AVFoundation.framework in Frameworks */,
				FA8D89711520D9FF00CD6290 /* QuartzCore.framework in Frameworks */,
				FA8D896F1520D71100CD6290 /* MapKit.framework in Frameworks */,
				FA8D87D01520765400E23338 /* CoreLocation.framework in Frameworks */,
				FA8D87CE1520763D00E23338 /* CFNetwork.framework in Frameworks */,
				FA8D87CC1520763800E23338 /* MobileCoreServices.framework in Frameworks */,
				FA8D87CA1520762C00E23338 /* libz.dylib in Frameworks */,
				FA8D87C81520762400E23338 /* SystemConfiguration.framework in Frameworks */,
				FA8D87A1152073EB00E23338 /* UIKit.framework in Frameworks */,
				FA8D87A3152073EB00E23338 /* Foundation.framework in Frameworks */,
				FA8D87A5152073EB00E23338 /* CoreGraphics.framework in Frameworks */,
				FAF0040E1524A6820028DC60 /* Quickblox.framework in Frameworks */,
			);
			runOnlyForDeploymentPostprocessing = 0;
		};
/* End PBXFrameworksBuildPhase section */

/* Begin PBXGroup section */
		FA2F4CA61520800200EE031C /* Resources */ = {
			isa = PBXGroup;
			children = (
				FA2F4CA71520800200EE031C /* marker_map.png */,
			);
			path = Resources;
			sourceTree = "<group>";
		};
		FA8D8791152073EB00E23338 = {
			isa = PBXGroup;
			children = (
				FA8D87A6152073EB00E23338 /* MashApp-location_users-ar-ios */,
				FA2F4CA61520800200EE031C /* Resources */,
				FA8D879F152073EB00E23338 /* Frameworks */,
				FA8D879D152073EB00E23338 /* Products */,
			);
			sourceTree = "<group>";
		};
		FA8D879D152073EB00E23338 /* Products */ = {
			isa = PBXGroup;
			children = (
				FA8D879C152073EB00E23338 /* MashApp-location_users-ar-ios.app */,
			);
			name = Products;
			sourceTree = "<group>";
		};
		FA8D879F152073EB00E23338 /* Frameworks */ = {
			isa = PBXGroup;
			children = (
				FAF0040D1524A6820028DC60 /* Quickblox.framework */,
				FAFCBACF152C733F0042B1C1 /* CoreVideo.framework */,
				FAFCBACC152C731D0042B1C1 /* CoreMedia.framework */,
				FA8D89701520D9FF00CD6290 /* QuartzCore.framework */,
				FA43ACE3152B5C73000A2EF7 /* AVFoundation.framework */,
				FA8D87CF1520765400E23338 /* CoreLocation.framework */,
				FA8D87CD1520763D00E23338 /* CFNetwork.framework */,
				FA8D896E1520D71100CD6290 /* MapKit.framework */,
				FA8D87CB1520763700E23338 /* MobileCoreServices.framework */,
				FA8D87C91520762C00E23338 /* libz.dylib */,
				FA8D87C71520762400E23338 /* SystemConfiguration.framework */,
				FA8D87A0152073EB00E23338 /* UIKit.framework */,
				FA8D87A2152073EB00E23338 /* Foundation.framework */,
				FA8D87A4152073EB00E23338 /* CoreGraphics.framework */,
			);
			name = Frameworks;
			sourceTree = "<group>";
		};
		FA8D87A6152073EB00E23338 /* MashApp-location_users-ar-ios */ = {
			isa = PBXGroup;
			children = (
				FA8D87C61520756700E23338 /* QBConsts.h */,
				FA8D87AF152073EB00E23338 /* AppDelegate.h */,
				FA8D87B0152073EB00E23338 /* AppDelegate.m */,
				FA8D87B2152073EB00E23338 /* ViewController.h */,
				FA8D87B3152073EB00E23338 /* ViewController.m */,
				FA8D87B5152073EB00E23338 /* ViewController_iPhone.xib */,
				FA8D87B8152073EB00E23338 /* ViewController_iPad.xib */,
				FA8D898A1521053700CD6290 /* AR */,
				FA8D87A7152073EB00E23338 /* Supporting Files */,
			);
			path = "MashApp-location_users-ar-ios";
			sourceTree = "<group>";
		};
		FA8D87A7152073EB00E23338 /* Supporting Files */ = {
			isa = PBXGroup;
			children = (
				FA8D87A8152073EB00E23338 /* MashApp-location_users-ar-ios-Info.plist */,
				FA8D87A9152073EB00E23338 /* InfoPlist.strings */,
				FA8D87AC152073EB00E23338 /* main.m */,
				FA8D87AE152073EB00E23338 /* MashApp-location_users-ar-ios-Prefix.pch */,
			);
			name = "Supporting Files";
			sourceTree = "<group>";
		};
		FA8D898A1521053700CD6290 /* AR */ = {
			isa = PBXGroup;
			children = (
				FA8D898B1521053700CD6290 /* ARKit.h */,
				FA8D898C1521053700CD6290 /* ARKit.m */,
				FA8D898D1521053700CD6290 /* AugmentedRealityController.h */,
				FA8D898E1521053700CD6290 /* AugmentedRealityController.m */,
				FA8D898F1521053700CD6290 /* Objects */,
				FA8D89941521053700CD6290 /* Views */,
			);
			path = AR;
			sourceTree = "<group>";
		};
		FA8D898F1521053700CD6290 /* Objects */ = {
			isa = PBXGroup;
			children = (
				FA8D89901521053700CD6290 /* ARCoordinate.h */,
				FA8D89911521053700CD6290 /* ARCoordinate.m */,
				FA8D89921521053700CD6290 /* ARGeoCoordinate.h */,
				FA8D89931521053700CD6290 /* ARGeoCoordinate.m */,
			);
			path = Objects;
			sourceTree = "<group>";
		};
		FA8D89941521053700CD6290 /* Views */ = {
			isa = PBXGroup;
			children = (
				FA8D89951521053700CD6290 /* MarkerView.h */,
				FA8D89961521053700CD6290 /* MarkerView.m */,
			);
			path = Views;
			sourceTree = "<group>";
		};
/* End PBXGroup section */

/* Begin PBXNativeTarget section */
		FA8D879B152073EB00E23338 /* MashApp-location_users-ar-ios */ = {
			isa = PBXNativeTarget;
			buildConfigurationList = FA8D87BD152073EB00E23338 /* Build configuration list for PBXNativeTarget "MashApp-location_users-ar-ios" */;
			buildPhases = (
				FA8D8798152073EB00E23338 /* Sources */,
				FA8D8799152073EB00E23338 /* Frameworks */,
				FA8D879A152073EB00E23338 /* Resources */,
			);
			buildRules = (
			);
			dependencies = (
			);
			name = "MashApp-location_users-ar-ios";
			productName = "MashApp-location_users-ar-ios";
			productReference = FA8D879C152073EB00E23338 /* MashApp-location_users-ar-ios.app */;
			productType = "com.apple.product-type.application";
		};
/* End PBXNativeTarget section */

/* Begin PBXProject section */
		FA8D8793152073EB00E23338 /* Project object */ = {
			isa = PBXProject;
			attributes = {
				LastUpgradeCheck = 0430;
				ORGANIZATIONNAME = Injoit;
			};
			buildConfigurationList = FA8D8796152073EB00E23338 /* Build configuration list for PBXProject "MashApp-location_users-ar-ios" */;
			compatibilityVersion = "Xcode 3.2";
			developmentRegion = English;
			hasScannedForEncodings = 0;
			knownRegions = (
				en,
			);
			mainGroup = FA8D8791152073EB00E23338;
			productRefGroup = FA8D879D152073EB00E23338 /* Products */;
			projectDirPath = "";
			projectRoot = "";
			targets = (
				FA8D879B152073EB00E23338 /* MashApp-location_users-ar-ios */,
			);
		};
/* End PBXProject section */

/* Begin PBXResourcesBuildPhase section */
		FA8D879A152073EB00E23338 /* Resources */ = {
			isa = PBXResourcesBuildPhase;
			buildActionMask = 2147483647;
			files = (
				FA8D87AB152073EB00E23338 /* InfoPlist.strings in Resources */,
				FA8D87B7152073EB00E23338 /* ViewController_iPhone.xib in Resources */,
				FA8D87BA152073EB00E23338 /* ViewController_iPad.xib in Resources */,
				FA2F4CA81520800200EE031C /* marker_map.png in Resources */,
			);
			runOnlyForDeploymentPostprocessing = 0;
		};
/* End PBXResourcesBuildPhase section */

/* Begin PBXSourcesBuildPhase section */
		FA8D8798152073EB00E23338 /* Sources */ = {
			isa = PBXSourcesBuildPhase;
			buildActionMask = 2147483647;
			files = (
				FA8D87AD152073EB00E23338 /* main.m in Sources */,
				FA8D87B1152073EB00E23338 /* AppDelegate.m in Sources */,
				FA8D87B4152073EB00E23338 /* ViewController.m in Sources */,
				FA8D89971521053700CD6290 /* ARKit.m in Sources */,
				FA8D89981521053700CD6290 /* AugmentedRealityController.m in Sources */,
				FA8D89991521053700CD6290 /* ARCoordinate.m in Sources */,
				FA8D899A1521053700CD6290 /* ARGeoCoordinate.m in Sources */,
				FA8D899B1521053700CD6290 /* MarkerView.m in Sources */,
			);
			runOnlyForDeploymentPostprocessing = 0;
		};
/* End PBXSourcesBuildPhase section */

/* Begin PBXVariantGroup section */
		FA8D87A9152073EB00E23338 /* InfoPlist.strings */ = {
			isa = PBXVariantGroup;
			children = (
				FA8D87AA152073EB00E23338 /* en */,
			);
			name = InfoPlist.strings;
			sourceTree = "<group>";
		};
		FA8D87B5152073EB00E23338 /* ViewController_iPhone.xib */ = {
			isa = PBXVariantGroup;
			children = (
				FA8D87B6152073EB00E23338 /* en */,
			);
			name = ViewController_iPhone.xib;
			sourceTree = "<group>";
		};
		FA8D87B8152073EB00E23338 /* ViewController_iPad.xib */ = {
			isa = PBXVariantGroup;
			children = (
				FA8D87B9152073EB00E23338 /* en */,
			);
			name = ViewController_iPad.xib;
			sourceTree = "<group>";
		};
/* End PBXVariantGroup section */

/* Begin XCBuildConfiguration section */
		FA8D87BB152073EB00E23338 /* Debug */ = {
			isa = XCBuildConfiguration;
			buildSettings = {
				ALWAYS_SEARCH_USER_PATHS = NO;
				ARCHS = "$(ARCHS_STANDARD_32_BIT)";
				"CODE_SIGN_IDENTITY[sdk=iphoneos*]" = "iPhone Developer";
				COPY_PHASE_STRIP = NO;
				GCC_C_LANGUAGE_STANDARD = gnu99;
				GCC_DYNAMIC_NO_PIC = NO;
				GCC_OPTIMIZATION_LEVEL = 0;
				GCC_PREPROCESSOR_DEFINITIONS = (
					"DEBUG=1",
					"$(inherited)",
				);
				GCC_SYMBOLS_PRIVATE_EXTERN = NO;
				GCC_VERSION = com.apple.compilers.llvm.clang.1_0;
				GCC_WARN_ABOUT_RETURN_TYPE = YES;
				GCC_WARN_UNINITIALIZED_AUTOS = YES;
				GCC_WARN_UNUSED_VARIABLE = YES;
				IPHONEOS_DEPLOYMENT_TARGET = 4.0;
				SDKROOT = iphoneos;
				TARGETED_DEVICE_FAMILY = "1,2";
			};
			name = Debug;
		};
		FA8D87BC152073EB00E23338 /* Release */ = {
			isa = XCBuildConfiguration;
			buildSettings = {
				ALWAYS_SEARCH_USER_PATHS = NO;
				ARCHS = "$(ARCHS_STANDARD_32_BIT)";
				"CODE_SIGN_IDENTITY[sdk=iphoneos*]" = "iPhone Developer";
				COPY_PHASE_STRIP = YES;
				GCC_C_LANGUAGE_STANDARD = gnu99;
				GCC_VERSION = com.apple.compilers.llvm.clang.1_0;
				GCC_WARN_ABOUT_RETURN_TYPE = YES;
				GCC_WARN_UNINITIALIZED_AUTOS = YES;
				GCC_WARN_UNUSED_VARIABLE = YES;
				IPHONEOS_DEPLOYMENT_TARGET = 4.0;
				OTHER_CFLAGS = "-DNS_BLOCK_ASSERTIONS=1";
				SDKROOT = iphoneos;
				TARGETED_DEVICE_FAMILY = "1,2";
				VALIDATE_PRODUCT = YES;
			};
			name = Release;
		};
		FA8D87BE152073EB00E23338 /* Debug */ = {
			isa = XCBuildConfiguration;
			buildSettings = {
				FRAMEWORK_SEARCH_PATHS = (
					"$(inherited)",
					"\"$(SRCROOT)/../../SDK-ios/Framework/build/Framework\"",
					"\"$(SRCROOT)\"",
				);
				GCC_PRECOMPILE_PREFIX_HEADER = YES;
				GCC_PREFIX_HEADER = "MashApp-location_users-ar-ios/MashApp-location_users-ar-ios-Prefix.pch";
				INFOPLIST_FILE = "MashApp-location_users-ar-ios/MashApp-location_users-ar-ios-Info.plist";
				PRODUCT_NAME = "$(TARGET_NAME)";
				TARGETED_DEVICE_FAMILY = 1;
				WRAPPER_EXTENSION = app;
			};
			name = Debug;
		};
		FA8D87BF152073EB00E23338 /* Release */ = {
			isa = XCBuildConfiguration;
			buildSettings = {
				FRAMEWORK_SEARCH_PATHS = (
					"$(inherited)",
					"\"$(SRCROOT)/../../SDK-ios/Framework/build/Framework\"",
					"\"$(SRCROOT)\"",
				);
				GCC_PRECOMPILE_PREFIX_HEADER = YES;
				GCC_PREFIX_HEADER = "MashApp-location_users-ar-ios/MashApp-location_users-ar-ios-Prefix.pch";
				INFOPLIST_FILE = "MashApp-location_users-ar-ios/MashApp-location_users-ar-ios-Info.plist";
				PRODUCT_NAME = "$(TARGET_NAME)";
				TARGETED_DEVICE_FAMILY = 1;
				WRAPPER_EXTENSION = app;
			};
			name = Release;
		};
/* End XCBuildConfiguration section */

/* Begin XCConfigurationList section */
		FA8D8796152073EB00E23338 /* Build configuration list for PBXProject "MashApp-location_users-ar-ios" */ = {
			isa = XCConfigurationList;
			buildConfigurations = (
				FA8D87BB152073EB00E23338 /* Debug */,
				FA8D87BC152073EB00E23338 /* Release */,
			);
			defaultConfigurationIsVisible = 0;
			defaultConfigurationName = Release;
		};
		FA8D87BD152073EB00E23338 /* Build configuration list for PBXNativeTarget "MashApp-location_users-ar-ios" */ = {
			isa = XCConfigurationList;
			buildConfigurations = (
				FA8D87BE152073EB00E23338 /* Debug */,
				FA8D87BF152073EB00E23338 /* Release */,
			);
			defaultConfigurationIsVisible = 0;
			defaultConfigurationName = Release;
		};
/* End XCConfigurationList section */
	};
	rootObject = FA8D8793152073EB00E23338 /* Project object */;
}
